
Microsoft Visual Studio Solution File, Format Version 12.00
# Visual Studio 15
VisualStudioVersion = 15.0.26124.0
MinimumVisualStudioVersion = 15.0.26124.0
Project("{FAE04EC0-301F-11D3-BF4B-00C04F79EFBC}") = "AssimpNet", "AssimpNet\AssimpNet.csproj", "{22C8C1F6-7B74-44F7-850C-E1B1D5014418}"
EndProject
Project("{FAE04EC0-301F-11D3-BF4B-00C04F79EFBC}") = "AssimpNet.Sample", "AssimpNet.Sample\AssimpNet.Sample.csproj", "{C5C7F4E9-74BE-441F-BE94-F0D1ABAD3AA8}"
EndProject
Project("{FAE04EC0-301F-11D3-BF4B-00C04F79EFBC}") = "AssimpNet.Test", "AssimpNet.Test\AssimpNet.Test.csproj", "{2974A843-5399-4EDD-8D4D-2D79639F90B9}"
EndProject
Global
	GlobalSection(SolutionConfigurationPlatforms) = preSolution
		Debug|Any CPU = Debug|Any CPU
		Debug|x64 = Debug|x64
		Debug|x86 = Debug|x86
		Release|Any CPU = Release|Any CPU
		Release|x64 = Release|x64
		Release|x86 = Release|x86
	EndGlobalSection
	GlobalSection(SolutionProperties) = preSolution
		HideSolutionNode = FALSE
	EndGlobalSection
	GlobalSection(ProjectConfigurationPlatforms) = postSolution
		{22C8C1F6-7B74-44F7-850C-E1B1D5014418}.Debug|Any CPU.ActiveCfg = Debug|Any CPU
		{22C8C1F6-7B74-44F7-850C-E1B1D5014418}.Debug|Any CPU.Build.0 = Debug|Any CPU
		{22C8C1F6-7B74-44F7-850C-E1B1D5014418}.Debug|x64.ActiveCfg = Debug|Any CPU
		{22C8C1F6-7B74-44F7-850C-E1B1D5014418}.Debug|x64.Build.0 = Debug|Any CPU
		{22C8C1F6-7B74-44F7-850C-E1B1D5014418}.Debug|x86.ActiveCfg = Debug|Any CPU
		{22C8C1F6-7B74-44F7-850C-E1B1D5014418}.Debug|x86.Build.0 = Debug|Any CPU
		{22C8C1F6-7B74-44F7-850C-E1B1D5014418}.Release|Any CPU.ActiveCfg = Release|Any CPU
		{22C8C1F6-7B74-44F7-850C-E1B1D5014418}.Release|Any CPU.Build.0 = Release|Any CPU
		{22C8C1F6-7B74-44F7-850C-E1B1D5014418}.Release|x64.ActiveCfg = Release|Any CPU
		{22C8C1F6-7B74-44F7-850C-E1B1D5014418}.Release|x64.Build.0 = Release|Any CPU
		{22C8C1F6-7B74-44F7-850C-E1B1D5014418}.Release|x86.ActiveCfg = Release|Any CPU
		{22C8C1F6-7B74-44F7-850C-E1B1D5014418}.Release|x86.Build.0 = Release|Any CPU
		{C5C7F4E9-74BE-441F-BE94-F0D1ABAD3AA8}.Debug|Any CPU.ActiveCfg = Debug|Any CPU
		{C5C7F4E9-74BE-441F-BE94-F0D1ABAD3AA8}.Debug|Any CPU.Build.0 = Debug|Any CPU
		{C5C7F4E9-74BE-441F-BE94-F0D1ABAD3AA8}.Debug|x64.ActiveCfg = Debug|Any CPU
		{C5C7F4E9-74BE-441F-BE94-F0D1ABAD3AA8}.Debug|x64.Build.0 = Debug|Any CPU
		{C5C7F4E9-74BE-441F-BE94-F0D1ABAD3AA8}.Debug|x86.ActiveCfg = Debug|Any CPU
		{C5C7F4E9-74BE-441F-BE94-F0D1ABAD3AA8}.Debug|x86.Build.0 = Debug|Any CPU
		{C5C7F4E9-74BE-441F-BE94-F0D1ABAD3AA8}.Release|Any CPU.ActiveCfg = Release|Any CPU
		{C5C7F4E9-74BE-441F-BE94-F0D1ABAD3AA8}.Release|Any CPU.Build.0 = Release|Any CPU
		{C5C7F4E9-74BE-441F-BE94-F0D1ABAD3AA8}.Release|x64.ActiveCfg = Release|Any CPU
		{C5C7F4E9-74BE-441F-BE94-F0D1ABAD3AA8}.Release|x64.Build.0 = Release|Any CPU
		{C5C7F4E9-74BE-441F-BE94-F0D1ABAD3AA8}.Release|x86.ActiveCfg = Release|Any CPU
		{C5C7F4E9-74BE-441F-BE94-F0D1ABAD3AA8}.Release|x86.Build.0 = Release|Any CPU
		{2974A843-5399-4EDD-8D4D-2D79639F90B9}.Debug|Any CPU.ActiveCfg = Debug|Any CPU
		{2974A843-5399-4EDD-8D4D-2D79639F90B9}.Debug|Any CPU.Build.0 = Debug|Any CPU
		{2974A843-5399-4EDD-8D4D-2D79639F90B9}.Debug|x64.ActiveCfg = Debug|Any CPU
		{2974A843-5399-4EDD-8D4D-2D79639F90B9}.Debug|x64.Build.0 = Debug|Any CPU
		{2974A843-5399-4EDD-8D4D-2D79639F90B9}.Debug|x86.ActiveCfg = Debug|Any CPU
		{2974A843-5399-4EDD-8D4D-2D79639F90B9}.Debug|x86.Build.0 = Debug|Any CPU
		{2974A843-5399-4EDD-8D4D-2D79639F90B9}.Release|Any CPU.ActiveCfg = Release|Any CPU
		{2974A843-5399-4EDD-8D4D-2D79639F90B9}.Release|Any CPU.Build.0 = Release|Any CPU
		{2974A843-5399-4EDD-8D4D-2D79639F90B9}.Release|x64.ActiveCfg = Release|Any CPU
		{2974A843-5399-4EDD-8D4D-2D79639F90B9}.Release|x64.Build.0 = Release|Any CPU
		{2974A843-5399-4EDD-8D4D-2D79639F90B9}.Release|x86.ActiveCfg = Release|Any CPU
		{2974A843-5399-4EDD-8D4D-2D79639F90B9}.Release|x86.Build.0 = Release|Any CPU
	EndGlobalSection
EndGlobal
